// !$*UTF8*$!
{
	archiveVersion = 1;
	classes = {
	};
	objectVersion = 56;
	objects = {

/* Begin PBXBuildFile section */
		270EB2CC2A193CA600B775B6 /* IntegrationDemo_SwiftUIApp.swift in Sources */ = {isa = PBXBuildFile; fileRef = 270EB2CB2A193CA600B775B6 /* IntegrationDemo_SwiftUIApp.swift */; };
		270EB2CE2A193CA600B775B6 /* ContentView.swift in Sources */ = {isa = PBXBuildFile; fileRef = 270EB2CD2A193CA600B775B6 /* ContentView.swift */; };
		270EB2D02A193CA900B775B6 /* Assets.xcassets in Resources */ = {isa = PBXBuildFile; fileRef = 270EB2CF2A193CA900B775B6 /* Assets.xcassets */; };
		900CBA932B76FE8E009D01D7 /* MainContentView.swift in Sources */ = {isa = PBXBuildFile; fileRef = 900CBA922B76FE8E009D01D7 /* MainContentView.swift */; };
		900CBA952B76FEB8009D01D7 /* TapResearchSDKDelegates.swift in Sources */ = {isa = PBXBuildFile; fileRef = 900CBA942B76FEB8009D01D7 /* TapResearchSDKDelegates.swift */; };
		900CBA9B2B77007F009D01D7 /* TapResearchContentDelegates.swift in Sources */ = {isa = PBXBuildFile; fileRef = 900CBA9A2B77007F009D01D7 /* TapResearchContentDelegates.swift */; };
		906C91862A97FF1B006AC61C /* TapResearchSDK in Frameworks */ = {isa = PBXBuildFile; productRef = 906C91852A97FF1B006AC61C /* TapResearchSDK */; };
/* End PBXBuildFile section */

/* Begin PBXCopyFilesBuildPhase section */
		27624FAB2A337DF00044712A /* Embed Frameworks */ = {
			isa = PBXCopyFilesBuildPhase;
			buildActionMask = 2147483647;
			dstPath = "";
			dstSubfolderSpec = 10;
			files = (
			);
			name = "Embed Frameworks";
			runOnlyForDeploymentPostprocessing = 0;
		};
/* End PBXCopyFilesBuildPhase section */

/* Begin PBXFileReference section */
		270EB2C82A193CA600B775B6 /* IntegrationDemo_SwiftUI.app */ = {isa = PBXFileReference; explicitFileType = wrapper.application; includeInIndex = 0; path = IntegrationDemo_SwiftUI.app; sourceTree = BUILT_PRODUCTS_DIR; };
		270EB2CB2A193CA600B775B6 /* IntegrationDemo_SwiftUIApp.swift */ = {isa = PBXFileReference; lastKnownFileType = sourcecode.swift; path = IntegrationDemo_SwiftUIApp.swift; sourceTree = "<group>"; };
		270EB2CD2A193CA600B775B6 /* ContentView.swift */ = {isa = PBXFileReference; lastKnownFileType = sourcecode.swift; path = ContentView.swift; sourceTree = "<group>"; };
		270EB2CF2A193CA900B775B6 /* Assets.xcassets */ = {isa = PBXFileReference; lastKnownFileType = folder.assetcatalog; path = Assets.xcassets; sourceTree = "<group>"; };
		900CBA922B76FE8E009D01D7 /* MainContentView.swift */ = {isa = PBXFileReference; fileEncoding = 4; lastKnownFileType = sourcecode.swift; path = MainContentView.swift; sourceTree = "<group>"; };
		900CBA942B76FEB8009D01D7 /* TapResearchSDKDelegates.swift */ = {isa = PBXFileReference; fileEncoding = 4; lastKnownFileType = sourcecode.swift; path = TapResearchSDKDelegates.swift; sourceTree = "<group>"; };
		900CBA9A2B77007F009D01D7 /* TapResearchContentDelegates.swift */ = {isa = PBXFileReference; fileEncoding = 4; lastKnownFileType = sourcecode.swift; path = TapResearchContentDelegates.swift; sourceTree = "<group>"; };
/* End PBXFileReference section */

/* Begin PBXFrameworksBuildPhase section */
		270EB2C52A193CA600B775B6 /* Frameworks */ = {
			isa = PBXFrameworksBuildPhase;
			buildActionMask = 2147483647;
			files = (
				906C91862A97FF1B006AC61C /* TapResearchSDK in Frameworks */,
			);
			runOnlyForDeploymentPostprocessing = 0;
		};
/* End PBXFrameworksBuildPhase section */

/* Begin PBXGroup section */
		270EB2BF2A193CA600B775B6 = {
			isa = PBXGroup;
			children = (
				270EB2CA2A193CA600B775B6 /* IntegrationDemo_SwiftUI */,
				270EB2C92A193CA600B775B6 /* Products */,
			);
			sourceTree = "<group>";
		};
		270EB2C92A193CA600B775B6 /* Products */ = {
			isa = PBXGroup;
			children = (
				270EB2C82A193CA600B775B6 /* IntegrationDemo_SwiftUI.app */,
			);
			name = Products;
			sourceTree = "<group>";
		};
		270EB2CA2A193CA600B775B6 /* IntegrationDemo_SwiftUI */ = {
			isa = PBXGroup;
			children = (
				270EB2CB2A193CA600B775B6 /* IntegrationDemo_SwiftUIApp.swift */,
				900CBA922B76FE8E009D01D7 /* MainContentView.swift */,
				270EB2CD2A193CA600B775B6 /* ContentView.swift */,
				900CBA942B76FEB8009D01D7 /* TapResearchSDKDelegates.swift */,
				900CBA9A2B77007F009D01D7 /* TapResearchContentDelegates.swift */,
				270EB2CF2A193CA900B775B6 /* Assets.xcassets */,
			);
			path = IntegrationDemo_SwiftUI;
			sourceTree = "<group>";
		};
/* End PBXGroup section */

/* Begin PBXNativeTarget section */
		270EB2C72A193CA600B775B6 /* IntegrationDemo_SwiftUI */ = {
			isa = PBXNativeTarget;
			buildConfigurationList = 270EB2D62A193CA900B775B6 /* Build configuration list for PBXNativeTarget "IntegrationDemo_SwiftUI" */;
			buildPhases = (
				270EB2C42A193CA600B775B6 /* Sources */,
				270EB2C52A193CA600B775B6 /* Frameworks */,
				270EB2C62A193CA600B775B6 /* Resources */,
				27624FAB2A337DF00044712A /* Embed Frameworks */,
			);
			buildRules = (
			);
			dependencies = (
			);
			name = IntegrationDemo_SwiftUI;
			packageProductDependencies = (
				906C91852A97FF1B006AC61C /* TapResearchSDK */,
			);
			productName = "swiftui-example-tapresearch";
			productReference = 270EB2C82A193CA600B775B6 /* IntegrationDemo_SwiftUI.app */;
			productType = "com.apple.product-type.application";
		};
/* End PBXNativeTarget section */

/* Begin PBXProject section */
		270EB2C02A193CA600B775B6 /* Project object */ = {
			isa = PBXProject;
			attributes = {
				BuildIndependentTargetsInParallel = 1;
				LastSwiftUpdateCheck = 1430;
				LastUpgradeCheck = 1520;
				TargetAttributes = {
					270EB2C72A193CA600B775B6 = {
						CreatedOnToolsVersion = 14.3;
					};
				};
			};
			buildConfigurationList = 270EB2C32A193CA600B775B6 /* Build configuration list for PBXProject "IntegrationDemo_SwiftUI" */;
			compatibilityVersion = "Xcode 14.0";
			developmentRegion = en;
			hasScannedForEncodings = 0;
			knownRegions = (
				en,
				Base,
			);
			mainGroup = 270EB2BF2A193CA600B775B6;
			packageReferences = (
				906C91842A97FF1B006AC61C /* XCRemoteSwiftPackageReference "TapResearch-iOS-SDK" */,
			);
			productRefGroup = 270EB2C92A193CA600B775B6 /* Products */;
			projectDirPath = "";
			projectRoot = "";
			targets = (
				270EB2C72A193CA600B775B6 /* IntegrationDemo_SwiftUI */,
			);
		};
/* End PBXProject section */

/* Begin PBXResourcesBuildPhase section */
		270EB2C62A193CA600B775B6 /* Resources */ = {
			isa = PBXResourcesBuildPhase;
			buildActionMask = 2147483647;
			files = (
				270EB2D02A193CA900B775B6 /* Assets.xcassets in Resources */,
			);
			runOnlyForDeploymentPostprocessing = 0;
		};
/* End PBXResourcesBuildPhase section */

/* Begin PBXSourcesBuildPhase section */
		270EB2C42A193CA600B775B6 /* Sources */ = {
			isa = PBXSourcesBuildPhase;
			buildActionMask = 2147483647;
			files = (
				270EB2CE2A193CA600B775B6 /* ContentView.swift in Sources */,
				900CBA9B2B77007F009D01D7 /* TapResearchContentDelegates.swift in Sources */,
				270EB2CC2A193CA600B775B6 /* IntegrationDemo_SwiftUIApp.swift in Sources */,
				900CBA952B76FEB8009D01D7 /* TapResearchSDKDelegates.swift in Sources */,
				900CBA932B76FE8E009D01D7 /* MainContentView.swift in Sources */,
			);
			runOnlyForDeploymentPostprocessing = 0;
		};
/* End PBXSourcesBuildPhase section */

/* Begin XCBuildConfiguration section */
		270EB2D42A193CA900B775B6 /* Debug */ = {
			isa = XCBuildConfiguration;
			buildSettings = {
				ALWAYS_SEARCH_USER_PATHS = NO;
				ASSETCATALOG_COMPILER_GENERATE_SWIFT_ASSET_SYMBOL_EXTENSIONS = YES;
				CLANG_ANALYZER_NONNULL = YES;
				CLANG_ANALYZER_NUMBER_OBJECT_CONVERSION = YES_AGGRESSIVE;
				CLANG_CXX_LANGUAGE_STANDARD = "gnu++20";
				CLANG_ENABLE_MODULES = YES;
				CLANG_ENABLE_OBJC_ARC = YES;
				CLANG_ENABLE_OBJC_WEAK = YES;
				CLANG_WARN_BLOCK_CAPTURE_AUTORELEASING = YES;
				CLANG_WARN_BOOL_CONVERSION = YES;
				CLANG_WARN_COMMA = YES;
				CLANG_WARN_CONSTANT_CONVERSION = YES;
				CLANG_WARN_DEPRECATED_OBJC_IMPLEMENTATIONS = YES;
				CLANG_WARN_DIRECT_OBJC_ISA_USAGE = YES_ERROR;
				CLANG_WARN_DOCUMENTATION_COMMENTS = YES;
				CLANG_WARN_EMPTY_BODY = YES;
				CLANG_WARN_ENUM_CONVERSION = YES;
				CLANG_WARN_INFINITE_RECURSION = YES;
				CLANG_WARN_INT_CONVERSION = YES;
				CLANG_WARN_NON_LITERAL_NULL_CONVERSION = YES;
				CLANG_WARN_OBJC_IMPLICIT_RETAIN_SELF = YES;
				CLANG_WARN_OBJC_LITERAL_CONVERSION = YES;
				CLANG_WARN_OBJC_ROOT_CLASS = YES_ERROR;
				CLANG_WARN_QUOTED_INCLUDE_IN_FRAMEWORK_HEADER = YES;
				CLANG_WARN_RANGE_LOOP_ANALYSIS = YES;
				CLANG_WARN_STRICT_PROTOTYPES = YES;
				CLANG_WARN_SUSPICIOUS_MOVE = YES;
				CLANG_WARN_UNGUARDED_AVAILABILITY = YES_AGGRESSIVE;
				CLANG_WARN_UNREACHABLE_CODE = YES;
				CLANG_WARN__DUPLICATE_METHOD_MATCH = YES;
				COPY_PHASE_STRIP = NO;
				DEBUG_INFORMATION_FORMAT = dwarf;
				ENABLE_STRICT_OBJC_MSGSEND = YES;
				ENABLE_TESTABILITY = YES;
				ENABLE_USER_SCRIPT_SANDBOXING = YES;
				GCC_C_LANGUAGE_STANDARD = gnu11;
				GCC_DYNAMIC_NO_PIC = NO;
				GCC_NO_COMMON_BLOCKS = YES;
				GCC_OPTIMIZATION_LEVEL = 0;
				GCC_PREPROCESSOR_DEFINITIONS = (
					"DEBUG=1",
					"$(inherited)",
				);
				GCC_WARN_64_TO_32_BIT_CONVERSION = YES;
				GCC_WARN_ABOUT_RETURN_TYPE = YES_ERROR;
				GCC_WARN_UNDECLARED_SELECTOR = YES;
				GCC_WARN_UNINITIALIZED_AUTOS = YES_AGGRESSIVE;
				GCC_WARN_UNUSED_FUNCTION = YES;
				GCC_WARN_UNUSED_VARIABLE = YES;
				IPHONEOS_DEPLOYMENT_TARGET = 16.4;
				MTL_ENABLE_DEBUG_INFO = INCLUDE_SOURCE;
				MTL_FAST_MATH = YES;
				ONLY_ACTIVE_ARCH = YES;
				SDKROOT = iphoneos;
				SWIFT_ACTIVE_COMPILATION_CONDITIONS = DEBUG;
				SWIFT_OPTIMIZATION_LEVEL = "-Onone";
			};
			name = Debug;
		};
		270EB2D52A193CA900B775B6 /* Release */ = {
			isa = XCBuildConfiguration;
			buildSettings = {
				ALWAYS_SEARCH_USER_PATHS = NO;
				ASSETCATALOG_COMPILER_GENERATE_SWIFT_ASSET_SYMBOL_EXTENSIONS = YES;
				CLANG_ANALYZER_NONNULL = YES;
				CLANG_ANALYZER_NUMBER_OBJECT_CONVERSION = YES_AGGRESSIVE;
				CLANG_CXX_LANGUAGE_STANDARD = "gnu++20";
				CLANG_ENABLE_MODULES = YES;
				CLANG_ENABLE_OBJC_ARC = YES;
				CLANG_ENABLE_OBJC_WEAK = YES;
				CLANG_WARN_BLOCK_CAPTURE_AUTORELEASING = YES;
				CLANG_WARN_BOOL_CONVERSION = YES;
				CLANG_WARN_COMMA = YES;
				CLANG_WARN_CONSTANT_CONVERSION = YES;
				CLANG_WARN_DEPRECATED_OBJC_IMPLEMENTATIONS = YES;
				CLANG_WARN_DIRECT_OBJC_ISA_USAGE = YES_ERROR;
				CLANG_WARN_DOCUMENTATION_COMMENTS = YES;
				CLANG_WARN_EMPTY_BODY = YES;
				CLANG_WARN_ENUM_CONVERSION = YES;
				CLANG_WARN_INFINITE_RECURSION = YES;
				CLANG_WARN_INT_CONVERSION = YES;
				CLANG_WARN_NON_LITERAL_NULL_CONVERSION = YES;
				CLANG_WARN_OBJC_IMPLICIT_RETAIN_SELF = YES;
				CLANG_WARN_OBJC_LITERAL_CONVERSION = YES;
				CLANG_WARN_OBJC_ROOT_CLASS = YES_ERROR;
				CLANG_WARN_QUOTED_INCLUDE_IN_FRAMEWORK_HEADER = YES;
				CLANG_WARN_RANGE_LOOP_ANALYSIS = YES;
				CLANG_WARN_STRICT_PROTOTYPES = YES;
				CLANG_WARN_SUSPICIOUS_MOVE = YES;
				CLANG_WARN_UNGUARDED_AVAILABILITY = YES_AGGRESSIVE;
				CLANG_WARN_UNREACHABLE_CODE = YES;
				CLANG_WARN__DUPLICATE_METHOD_MATCH = YES;
				COPY_PHASE_STRIP = NO;
				DEBUG_INFORMATION_FORMAT = "dwarf-with-dsym";
				ENABLE_NS_ASSERTIONS = NO;
				ENABLE_STRICT_OBJC_MSGSEND = YES;
				ENABLE_USER_SCRIPT_SANDBOXING = YES;
				GCC_C_LANGUAGE_STANDARD = gnu11;
				GCC_NO_COMMON_BLOCKS = YES;
				GCC_WARN_64_TO_32_BIT_CONVERSION = YES;
				GCC_WARN_ABOUT_RETURN_TYPE = YES_ERROR;
				GCC_WARN_UNDECLARED_SELECTOR = YES;
				GCC_WARN_UNINITIALIZED_AUTOS = YES_AGGRESSIVE;
				GCC_WARN_UNUSED_FUNCTION = YES;
				GCC_WARN_UNUSED_VARIABLE = YES;
				IPHONEOS_DEPLOYMENT_TARGET = 16.4;
				MTL_ENABLE_DEBUG_INFO = NO;
				MTL_FAST_MATH = YES;
				SDKROOT = iphoneos;
				SWIFT_COMPILATION_MODE = wholemodule;
				SWIFT_OPTIMIZATION_LEVEL = "-O";
				VALIDATE_PRODUCT = YES;
			};
			name = Release;
		};
		270EB2D72A193CA900B775B6 /* Debug */ = {
			isa = XCBuildConfiguration;
			buildSettings = {
				ASSETCATALOG_COMPILER_APPICON_NAME = AppIcon;
				ASSETCATALOG_COMPILER_GLOBAL_ACCENT_COLOR_NAME = AccentColor;
				CODE_SIGN_STYLE = Automatic;
				CURRENT_PROJECT_VERSION = 1;
				ENABLE_PREVIEWS = YES;
				GENERATE_INFOPLIST_FILE = YES;
				INFOPLIST_KEY_UIApplicationSceneManifest_Generation = YES;
				INFOPLIST_KEY_UIApplicationSupportsIndirectInputEvents = YES;
				INFOPLIST_KEY_UILaunchScreen_Generation = YES;
				INFOPLIST_KEY_UISupportedInterfaceOrientations_iPad = "UIInterfaceOrientationPortrait UIInterfaceOrientationPortraitUpsideDown UIInterfaceOrientationLandscapeLeft UIInterfaceOrientationLandscapeRight";
				INFOPLIST_KEY_UISupportedInterfaceOrientations_iPhone = "UIInterfaceOrientationPortrait UIInterfaceOrientationLandscapeLeft UIInterfaceOrientationLandscapeRight";
				LD_RUNPATH_SEARCH_PATHS = (
					"$(inherited)",
					"@executable_path/Frameworks",
				);
				MARKETING_VERSION = 1.0;
				PRODUCT_BUNDLE_IDENTIFIER = "com.tapresearch.swiftui-example-tapresearch";
				PRODUCT_NAME = "$(TARGET_NAME)";
				SWIFT_EMIT_LOC_STRINGS = YES;
				SWIFT_VERSION = 5.0;
				TARGETED_DEVICE_FAMILY = "1,2";
			};
			name = Debug;
		};
		270EB2D82A193CA900B775B6 /* Release */ = {
			isa = XCBuildConfiguration;
			buildSettings = {
				ASSETCATALOG_COMPILER_APPICON_NAME = AppIcon;
				ASSETCATALOG_COMPILER_GLOBAL_ACCENT_COLOR_NAME = AccentColor;
				CODE_SIGN_STYLE = Automatic;
				CURRENT_PROJECT_VERSION = 1;
				ENABLE_PREVIEWS = YES;
				GENERATE_INFOPLIST_FILE = YES;
				INFOPLIST_KEY_UIApplicationSceneManifest_Generation = YES;
				INFOPLIST_KEY_UIApplicationSupportsIndirectInputEvents = YES;
				INFOPLIST_KEY_UILaunchScreen_Generation = YES;
				INFOPLIST_KEY_UISupportedInterfaceOrientations_iPad = "UIInterfaceOrientationPortrait UIInterfaceOrientationPortraitUpsideDown UIInterfaceOrientationLandscapeLeft UIInterfaceOrientationLandscapeRight";
				INFOPLIST_KEY_UISupportedInterfaceOrientations_iPhone = "UIInterfaceOrientationPortrait UIInterfaceOrientationLandscapeLeft UIInterfaceOrientationLandscapeRight";
				LD_RUNPATH_SEARCH_PATHS = (
					"$(inherited)",
					"@executable_path/Frameworks",
				);
				MARKETING_VERSION = 1.0;
				PRODUCT_BUNDLE_IDENTIFIER = "com.tapresearch.swiftui-example-tapresearch";
				PRODUCT_NAME = "$(TARGET_NAME)";
				SWIFT_EMIT_LOC_STRINGS = YES;
				SWIFT_VERSION = 5.0;
				TARGETED_DEVICE_FAMILY = "1,2";
			};
			name = Release;
		};
/* End XCBuildConfiguration section */

/* Begin XCConfigurationList section */
		270EB2C32A193CA600B775B6 /* Build configuration list for PBXProject "IntegrationDemo_SwiftUI" */ = {
			isa = XCConfigurationList;
			buildConfigurations = (
				270EB2D42A193CA900B775B6 /* Debug */,
				270EB2D52A193CA900B775B6 /* Release */,
			);
			defaultConfigurationIsVisible = 0;
			defaultConfigurationName = Release;
		};
		270EB2D62A193CA900B775B6 /* Build configuration list for PBXNativeTarget "IntegrationDemo_SwiftUI" */ = {
			isa = XCConfigurationList;
			buildConfigurations = (
				270EB2D72A193CA900B775B6 /* Debug */,
				270EB2D82A193CA900B775B6 /* Release */,
			);
			defaultConfigurationIsVisible = 0;
			defaultConfigurationName = Release;
		};
/* End XCConfigurationList section */

/* Begin XCRemoteSwiftPackageReference section */
		906C91842A97FF1B006AC61C /* XCRemoteSwiftPackageReference "TapResearch-iOS-SDK" */ = {
			isa = XCRemoteSwiftPackageReference;
			repositoryURL = "https://github.com/TapResearch/TapResearch-iOS-SDK";
			requirement = {
				kind = exactVersion;
				version = 3.5.0;
			};
		};
/* End XCRemoteSwiftPackageReference section */

/* Begin XCSwiftPackageProductDependency section */
		906C91852A97FF1B006AC61C /* TapResearchSDK */ = {
			isa = XCSwiftPackageProductDependency;
			package = 906C91842A97FF1B006AC61C /* XCRemoteSwiftPackageReference "TapResearch-iOS-SDK" */;
			productName = TapResearchSDK;
		};
/* End XCSwiftPackageProductDependency section */
	};
	rootObject = 270EB2C02A193CA600B775B6 /* Project object */;
}
