
Microsoft Visual Studio Solution File, Format Version 11.00
# Visual Studio 2010
Project("{FAE04EC0-301F-11D3-BF4B-00C04F79EFBC}") = "Assembly-CSharp", "Assembly-CSharp.csproj", "{f98cc2ad-2f4e-7972-a108-7be6e8de1273}"
EndProject
Project("{FAE04EC0-301F-11D3-BF4B-00C04F79EFBC}") = "Assembly-CSharp-Editor", "Assembly-CSharp-Editor.csproj", "{8e392b97-2874-8428-edd2-4903fcccc0b4}"
EndProject
Global
	GlobalSection(SolutionConfigurationPlatforms) = preSolution
		Debug|Any CPU = Debug|Any CPU
	EndGlobalSection
	GlobalSection(ProjectConfigurationPlatforms) = postSolution
		{f98cc2ad-2f4e-7972-a108-7be6e8de1273}.Debug|Any CPU.ActiveCfg = Debug|Any CPU
		{f98cc2ad-2f4e-7972-a108-7be6e8de1273}.Debug|Any CPU.Build.0 = Debug|Any CPU
		{8e392b97-2874-8428-edd2-4903fcccc0b4}.Debug|Any CPU.ActiveCfg = Debug|Any CPU
		{8e392b97-2874-8428-edd2-4903fcccc0b4}.Debug|Any CPU.Build.0 = Debug|Any CPU
	EndGlobalSection
	GlobalSection(SolutionProperties) = preSolution
		HideSolutionNode = FALSE
	EndGlobalSection
EndGlobal
